// !$*UTF8*$!
{
	archiveVersion = 1;
	classes = {
	};
	objectVersion = 51;
	objects = {

/* Begin PBXBuildFile section */
		0418435025E50C38003FE731 /* AppDelegate.swift in Sources */ = {isa = PBXBuildFile; fileRef = 0418434F25E50C38003FE731 /* AppDelegate.swift */; };
		0418435225E50C38003FE731 /* SceneDelegate.swift in Sources */ = {isa = PBXBuildFile; fileRef = 0418435125E50C38003FE731 /* SceneDelegate.swift */; };
		0418435425E50C38003FE731 /* ViewController.swift in Sources */ = {isa = PBXBuildFile; fileRef = 0418435325E50C38003FE731 /* ViewController.swift */; };
		0418435725E50C38003FE731 /* Main.storyboard in Resources */ = {isa = PBXBuildFile; fileRef = 0418435525E50C38003FE731 /* Main.storyboard */; };
		0418435925E50C39003FE731 /* Assets.xcassets in Resources */ = {isa = PBXBuildFile; fileRef = 0418435825E50C39003FE731 /* Assets.xcassets */; };
		0418435C25E50C39003FE731 /* LaunchScreen.storyboard in Resources */ = {isa = PBXBuildFile; fileRef = 0418435A25E50C39003FE731 /* LaunchScreen.storyboard */; };
		0418436725E50C39003FE731 /* AttendanceTests.swift in Sources */ = {isa = PBXBuildFile; fileRef = 0418436625E50C39003FE731 /* AttendanceTests.swift */; };
		0418437225E50C39003FE731 /* AttendanceUITests.swift in Sources */ = {isa = PBXBuildFile; fileRef = 0418437125E50C39003FE731 /* AttendanceUITests.swift */; };
		0418438B25E5108C003FE731 /* GoogleService-Info.plist in Resources */ = {isa = PBXBuildFile; fileRef = 0418438A25E5108C003FE731 /* GoogleService-Info.plist */; };
		041F05C325F3DD2300576188 /* enter.png in Resources */ = {isa = PBXBuildFile; fileRef = 041F05C225F3DD2300576188 /* enter.png */; };
		04EB2A1E25E696D300A38A7D /* SignUpUserViewController.swift in Sources */ = {isa = PBXBuildFile; fileRef = 04EB2A1D25E696D300A38A7D /* SignUpUserViewController.swift */; };
		04EB2A2325E6970B00A38A7D /* LoginAccountViewController.swift in Sources */ = {isa = PBXBuildFile; fileRef = 04EB2A2225E6970B00A38A7D /* LoginAccountViewController.swift */; };
		04EB2A2825E6973E00A38A7D /* SignUpAccountViewController.swift in Sources */ = {isa = PBXBuildFile; fileRef = 04EB2A2725E6973E00A38A7D /* SignUpAccountViewController.swift */; };
		04EB2A2D25E69DC300A38A7D /* LoginViewController.swift in Sources */ = {isa = PBXBuildFile; fileRef = 04EB2A2C25E69DC300A38A7D /* LoginViewController.swift */; };
		04EB2A3C25E6B7FD00A38A7D /* Utilities.swift in Sources */ = {isa = PBXBuildFile; fileRef = 04EB2A3B25E6B7FD00A38A7D /* Utilities.swift */; };
		04EB2A5A25E6D1FF00A38A7D /* HomeViewController.swift in Sources */ = {isa = PBXBuildFile; fileRef = 04EB2A5925E6D1FF00A38A7D /* HomeViewController.swift */; };
		04EB2A5F25E6D40200A38A7D /* Constants.swift in Sources */ = {isa = PBXBuildFile; fileRef = 04EB2A5E25E6D40200A38A7D /* Constants.swift */; };
		04EB2A6F25E94C0100A38A7D /* CustomTableViewCell.swift in Sources */ = {isa = PBXBuildFile; fileRef = 04EB2A6E25E94C0100A38A7D /* CustomTableViewCell.swift */; };
		04EB2A7425E9552100A38A7D /* AddViewController.swift in Sources */ = {isa = PBXBuildFile; fileRef = 04EB2A7325E9552100A38A7D /* AddViewController.swift */; };
		04EB2A7F25E9620100A38A7D /* AddCustomTableViewCell.swift in Sources */ = {isa = PBXBuildFile; fileRef = 04EB2A7E25E9620100A38A7D /* AddCustomTableViewCell.swift */; };
		04EB2A8425E96F0C00A38A7D /* CreateRoomViewController.swift in Sources */ = {isa = PBXBuildFile; fileRef = 04EB2A8325E96F0C00A38A7D /* CreateRoomViewController.swift */; };
		04EB2A9425EA6EED00A38A7D /* Rooms.swift in Sources */ = {isa = PBXBuildFile; fileRef = 04EB2A9325EA6EED00A38A7D /* Rooms.swift */; };
		3879B3C3198D407919A4987D /* Pods_Attendance_AttendanceUITests.framework in Frameworks */ = {isa = PBXBuildFile; fileRef = 6B149676B660DF01A30652A7 /* Pods_Attendance_AttendanceUITests.framework */; };
		87F3DBBD2CCB840E043053A9 /* Pods_AttendanceTests.framework in Frameworks */ = {isa = PBXBuildFile; fileRef = 8E7DC8C1AE2392389EC6D5CE /* Pods_AttendanceTests.framework */; };
		8AA13A5B10404E1D43392351 /* Pods_Attendance.framework in Frameworks */ = {isa = PBXBuildFile; fileRef = FD3A74A60D9452923FB082E9 /* Pods_Attendance.framework */; };
/* End PBXBuildFile section */

/* Begin PBXContainerItemProxy section */
		0418436325E50C39003FE731 /* PBXContainerItemProxy */ = {
			isa = PBXContainerItemProxy;
			containerPortal = 0418434425E50C38003FE731 /* Project object */;
			proxyType = 1;
			remoteGlobalIDString = 0418434B25E50C38003FE731;
			remoteInfo = Attendance;
		};
		0418436E25E50C39003FE731 /* PBXContainerItemProxy */ = {
			isa = PBXContainerItemProxy;
			containerPortal = 0418434425E50C38003FE731 /* Project object */;
			proxyType = 1;
			remoteGlobalIDString = 0418434B25E50C38003FE731;
			remoteInfo = Attendance;
		};
/* End PBXContainerItemProxy section */

/* Begin PBXFileReference section */
		0418434C25E50C38003FE731 /* Attendance.app */ = {isa = PBXFileReference; explicitFileType = wrapper.application; includeInIndex = 0; path = Attendance.app; sourceTree = BUILT_PRODUCTS_DIR; };
		0418434F25E50C38003FE731 /* AppDelegate.swift */ = {isa = PBXFileReference; lastKnownFileType = sourcecode.swift; path = AppDelegate.swift; sourceTree = "<group>"; };
		0418435125E50C38003FE731 /* SceneDelegate.swift */ = {isa = PBXFileReference; lastKnownFileType = sourcecode.swift; path = SceneDelegate.swift; sourceTree = "<group>"; };
		0418435325E50C38003FE731 /* ViewController.swift */ = {isa = PBXFileReference; lastKnownFileType = sourcecode.swift; path = ViewController.swift; sourceTree = "<group>"; };
		0418435625E50C38003FE731 /* Base */ = {isa = PBXFileReference; lastKnownFileType = file.storyboard; name = Base; path = Base.lproj/Main.storyboard; sourceTree = "<group>"; };
		0418435825E50C39003FE731 /* Assets.xcassets */ = {isa = PBXFileReference; lastKnownFileType = folder.assetcatalog; path = Assets.xcassets; sourceTree = "<group>"; };
		0418435B25E50C39003FE731 /* Base */ = {isa = PBXFileReference; lastKnownFileType = file.storyboard; name = Base; path = Base.lproj/LaunchScreen.storyboard; sourceTree = "<group>"; };
		0418435D25E50C39003FE731 /* Info.plist */ = {isa = PBXFileReference; lastKnownFileType = text.plist.xml; path = Info.plist; sourceTree = "<group>"; };
		0418436225E50C39003FE731 /* AttendanceTests.xctest */ = {isa = PBXFileReference; explicitFileType = wrapper.cfbundle; includeInIndex = 0; path = AttendanceTests.xctest; sourceTree = BUILT_PRODUCTS_DIR; };
		0418436625E50C39003FE731 /* AttendanceTests.swift */ = {isa = PBXFileReference; lastKnownFileType = sourcecode.swift; path = AttendanceTests.swift; sourceTree = "<group>"; };
		0418436825E50C39003FE731 /* Info.plist */ = {isa = PBXFileReference; lastKnownFileType = text.plist.xml; path = Info.plist; sourceTree = "<group>"; };
		0418436D25E50C39003FE731 /* AttendanceUITests.xctest */ = {isa = PBXFileReference; explicitFileType = wrapper.cfbundle; includeInIndex = 0; path = AttendanceUITests.xctest; sourceTree = BUILT_PRODUCTS_DIR; };
		0418437125E50C39003FE731 /* AttendanceUITests.swift */ = {isa = PBXFileReference; lastKnownFileType = sourcecode.swift; path = AttendanceUITests.swift; sourceTree = "<group>"; };
		0418437325E50C39003FE731 /* Info.plist */ = {isa = PBXFileReference; lastKnownFileType = text.plist.xml; path = Info.plist; sourceTree = "<group>"; };
		0418438A25E5108C003FE731 /* GoogleService-Info.plist */ = {isa = PBXFileReference; fileEncoding = 4; lastKnownFileType = text.plist.xml; name = "GoogleService-Info.plist"; path = "../../../../../Downloads/GoogleService-Info.plist"; sourceTree = "<group>"; };
		041F05C225F3DD2300576188 /* enter.png */ = {isa = PBXFileReference; lastKnownFileType = image.png; path = enter.png; sourceTree = "<group>"; };
		04EB2A1D25E696D300A38A7D /* SignUpUserViewController.swift */ = {isa = PBXFileReference; lastKnownFileType = sourcecode.swift; path = SignUpUserViewController.swift; sourceTree = "<group>"; };
		04EB2A2225E6970B00A38A7D /* LoginAccountViewController.swift */ = {isa = PBXFileReference; lastKnownFileType = sourcecode.swift; path = LoginAccountViewController.swift; sourceTree = "<group>"; };
		04EB2A2725E6973E00A38A7D /* SignUpAccountViewController.swift */ = {isa = PBXFileReference; lastKnownFileType = sourcecode.swift; path = SignUpAccountViewController.swift; sourceTree = "<group>"; };
		04EB2A2C25E69DC300A38A7D /* LoginViewController.swift */ = {isa = PBXFileReference; lastKnownFileType = sourcecode.swift; path = LoginViewController.swift; sourceTree = "<group>"; };
		04EB2A3B25E6B7FD00A38A7D /* Utilities.swift */ = {isa = PBXFileReference; fileEncoding = 4; lastKnownFileType = sourcecode.swift; path = Utilities.swift; sourceTree = "<group>"; };
		04EB2A5925E6D1FF00A38A7D /* HomeViewController.swift */ = {isa = PBXFileReference; lastKnownFileType = sourcecode.swift; path = HomeViewController.swift; sourceTree = "<group>"; };
		04EB2A5E25E6D40200A38A7D /* Constants.swift */ = {isa = PBXFileReference; lastKnownFileType = sourcecode.swift; path = Constants.swift; sourceTree = "<group>"; };
		04EB2A6E25E94C0100A38A7D /* CustomTableViewCell.swift */ = {isa = PBXFileReference; lastKnownFileType = sourcecode.swift; path = CustomTableViewCell.swift; sourceTree = "<group>"; };
		04EB2A7325E9552100A38A7D /* AddViewController.swift */ = {isa = PBXFileReference; lastKnownFileType = sourcecode.swift; path = AddViewController.swift; sourceTree = "<group>"; };
		04EB2A7E25E9620100A38A7D /* AddCustomTableViewCell.swift */ = {isa = PBXFileReference; lastKnownFileType = sourcecode.swift; path = AddCustomTableViewCell.swift; sourceTree = "<group>"; };
		04EB2A8325E96F0C00A38A7D /* CreateRoomViewController.swift */ = {isa = PBXFileReference; lastKnownFileType = sourcecode.swift; path = CreateRoomViewController.swift; sourceTree = "<group>"; };
		04EB2A9325EA6EED00A38A7D /* Rooms.swift */ = {isa = PBXFileReference; lastKnownFileType = sourcecode.swift; path = Rooms.swift; sourceTree = "<group>"; };
		4ABAC0A432785D3D35F6DF48 /* Pods-Attendance.release.xcconfig */ = {isa = PBXFileReference; includeInIndex = 1; lastKnownFileType = text.xcconfig; name = "Pods-Attendance.release.xcconfig"; path = "Target Support Files/Pods-Attendance/Pods-Attendance.release.xcconfig"; sourceTree = "<group>"; };
		6B149676B660DF01A30652A7 /* Pods_Attendance_AttendanceUITests.framework */ = {isa = PBXFileReference; explicitFileType = wrapper.framework; includeInIndex = 0; path = Pods_Attendance_AttendanceUITests.framework; sourceTree = BUILT_PRODUCTS_DIR; };
		8E7DC8C1AE2392389EC6D5CE /* Pods_AttendanceTests.framework */ = {isa = PBXFileReference; explicitFileType = wrapper.framework; includeInIndex = 0; path = Pods_AttendanceTests.framework; sourceTree = BUILT_PRODUCTS_DIR; };
		9860A4DFD46C3EE4685C653E /* Pods-AttendanceTests.debug.xcconfig */ = {isa = PBXFileReference; includeInIndex = 1; lastKnownFileType = text.xcconfig; name = "Pods-AttendanceTests.debug.xcconfig"; path = "Target Support Files/Pods-AttendanceTests/Pods-AttendanceTests.debug.xcconfig"; sourceTree = "<group>"; };
		9EA72ACAC53CA46BB1F9CF0E /* Pods-AttendanceTests.release.xcconfig */ = {isa = PBXFileReference; includeInIndex = 1; lastKnownFileType = text.xcconfig; name = "Pods-AttendanceTests.release.xcconfig"; path = "Target Support Files/Pods-AttendanceTests/Pods-AttendanceTests.release.xcconfig"; sourceTree = "<group>"; };
		B792EF72BF7BB9EA2A42BEEB /* Pods-Attendance.debug.xcconfig */ = {isa = PBXFileReference; includeInIndex = 1; lastKnownFileType = text.xcconfig; name = "Pods-Attendance.debug.xcconfig"; path = "Target Support Files/Pods-Attendance/Pods-Attendance.debug.xcconfig"; sourceTree = "<group>"; };
		C55BC2E89E9C153FEB4F2192 /* Pods-Attendance-AttendanceUITests.debug.xcconfig */ = {isa = PBXFileReference; includeInIndex = 1; lastKnownFileType = text.xcconfig; name = "Pods-Attendance-AttendanceUITests.debug.xcconfig"; path = "Target Support Files/Pods-Attendance-AttendanceUITests/Pods-Attendance-AttendanceUITests.debug.xcconfig"; sourceTree = "<group>"; };
		D428ADD74BF1C501FC4A8216 /* Pods-Attendance-AttendanceUITests.release.xcconfig */ = {isa = PBXFileReference; includeInIndex = 1; lastKnownFileType = text.xcconfig; name = "Pods-Attendance-AttendanceUITests.release.xcconfig"; path = "Target Support Files/Pods-Attendance-AttendanceUITests/Pods-Attendance-AttendanceUITests.release.xcconfig"; sourceTree = "<group>"; };
		FD3A74A60D9452923FB082E9 /* Pods_Attendance.framework */ = {isa = PBXFileReference; explicitFileType = wrapper.framework; includeInIndex = 0; path = Pods_Attendance.framework; sourceTree = BUILT_PRODUCTS_DIR; };
/* End PBXFileReference section */

/* Begin PBXFrameworksBuildPhase section */
		0418434925E50C38003FE731 /* Frameworks */ = {
			isa = PBXFrameworksBuildPhase;
			buildActionMask = 2147483647;
			files = (
				8AA13A5B10404E1D43392351 /* Pods_Attendance.framework in Frameworks */,
			);
			runOnlyForDeploymentPostprocessing = 0;
		};
		0418435F25E50C39003FE731 /* Frameworks */ = {
			isa = PBXFrameworksBuildPhase;
			buildActionMask = 2147483647;
			files = (
				87F3DBBD2CCB840E043053A9 /* Pods_AttendanceTests.framework in Frameworks */,
			);
			runOnlyForDeploymentPostprocessing = 0;
		};
		0418436A25E50C39003FE731 /* Frameworks */ = {
			isa = PBXFrameworksBuildPhase;
			buildActionMask = 2147483647;
			files = (
				3879B3C3198D407919A4987D /* Pods_Attendance_AttendanceUITests.framework in Frameworks */,
			);
			runOnlyForDeploymentPostprocessing = 0;
		};
/* End PBXFrameworksBuildPhase section */

/* Begin PBXGroup section */
		0418434325E50C38003FE731 = {
			isa = PBXGroup;
			children = (
				0418434E25E50C38003FE731 /* Attendance */,
				0418436525E50C39003FE731 /* AttendanceTests */,
				0418437025E50C39003FE731 /* AttendanceUITests */,
				0418434D25E50C38003FE731 /* Products */,
				2C9C8B7DBFB5F57EA3401614 /* Pods */,
				EE78B347DF06F773BFCFB5A1 /* Frameworks */,
			);
			sourceTree = "<group>";
		};
		0418434D25E50C38003FE731 /* Products */ = {
			isa = PBXGroup;
			children = (
				0418434C25E50C38003FE731 /* Attendance.app */,
				0418436225E50C39003FE731 /* AttendanceTests.xctest */,
				0418436D25E50C39003FE731 /* AttendanceUITests.xctest */,
			);
			name = Products;
			sourceTree = "<group>";
		};
		0418434E25E50C38003FE731 /* Attendance */ = {
			isa = PBXGroup;
			children = (
				041F05C225F3DD2300576188 /* enter.png */,
				04EB2A1D25E696D300A38A7D /* SignUpUserViewController.swift */,
				04EB2A2C25E69DC300A38A7D /* LoginViewController.swift */,
				04EB2A2725E6973E00A38A7D /* SignUpAccountViewController.swift */,
				04EB2A2225E6970B00A38A7D /* LoginAccountViewController.swift */,
				0418435325E50C38003FE731 /* ViewController.swift */,
				04EB2A3B25E6B7FD00A38A7D /* Utilities.swift */,
				04EB2A5E25E6D40200A38A7D /* Constants.swift */,
				04EB2A3125E6A0A100A38A7D /* View Controller */,
				04EB2A5925E6D1FF00A38A7D /* HomeViewController.swift */,
				04EB2A7325E9552100A38A7D /* AddViewController.swift */,
				0418438A25E5108C003FE731 /* GoogleService-Info.plist */,
				0418434F25E50C38003FE731 /* AppDelegate.swift */,
				0418435125E50C38003FE731 /* SceneDelegate.swift */,
				0418435525E50C38003FE731 /* Main.storyboard */,
				0418435825E50C39003FE731 /* Assets.xcassets */,
				0418435A25E50C39003FE731 /* LaunchScreen.storyboard */,
				0418435D25E50C39003FE731 /* Info.plist */,
				04EB2A6E25E94C0100A38A7D /* CustomTableViewCell.swift */,
				04EB2A7E25E9620100A38A7D /* AddCustomTableViewCell.swift */,
				04EB2A8325E96F0C00A38A7D /* CreateRoomViewController.swift */,
				04EB2A9325EA6EED00A38A7D /* Rooms.swift */,
			);
			path = Attendance;
			sourceTree = "<group>";
		};
		0418436525E50C39003FE731 /* AttendanceTests */ = {
			isa = PBXGroup;
			children = (
				0418436625E50C39003FE731 /* AttendanceTests.swift */,
				0418436825E50C39003FE731 /* Info.plist */,
			);
			path = AttendanceTests;
			sourceTree = "<group>";
		};
		0418437025E50C39003FE731 /* AttendanceUITests */ = {
			isa = PBXGroup;
			children = (
				0418437125E50C39003FE731 /* AttendanceUITests.swift */,
				0418437325E50C39003FE731 /* Info.plist */,
			);
			path = AttendanceUITests;
			sourceTree = "<group>";
		};
		04EB2A3125E6A0A100A38A7D /* View Controller */ = {
			isa = PBXGroup;
			children = (
			);
			path = "View Controller";
			sourceTree = "<group>";
		};
		2C9C8B7DBFB5F57EA3401614 /* Pods */ = {
			isa = PBXGroup;
			children = (
				B792EF72BF7BB9EA2A42BEEB /* Pods-Attendance.debug.xcconfig */,
				4ABAC0A432785D3D35F6DF48 /* Pods-Attendance.release.xcconfig */,
				C55BC2E89E9C153FEB4F2192 /* Pods-Attendance-AttendanceUITests.debug.xcconfig */,
				D428ADD74BF1C501FC4A8216 /* Pods-Attendance-AttendanceUITests.release.xcconfig */,
				9860A4DFD46C3EE4685C653E /* Pods-AttendanceTests.debug.xcconfig */,
				9EA72ACAC53CA46BB1F9CF0E /* Pods-AttendanceTests.release.xcconfig */,
			);
			path = Pods;
			sourceTree = "<group>";
		};
		EE78B347DF06F773BFCFB5A1 /* Frameworks */ = {
			isa = PBXGroup;
			children = (
				FD3A74A60D9452923FB082E9 /* Pods_Attendance.framework */,
				6B149676B660DF01A30652A7 /* Pods_Attendance_AttendanceUITests.framework */,
				8E7DC8C1AE2392389EC6D5CE /* Pods_AttendanceTests.framework */,
			);
			name = Frameworks;
			sourceTree = "<group>";
		};
/* End PBXGroup section */

/* Begin PBXNativeTarget section */
		0418434B25E50C38003FE731 /* Attendance */ = {
			isa = PBXNativeTarget;
			buildConfigurationList = 0418437625E50C39003FE731 /* Build configuration list for PBXNativeTarget "Attendance" */;
			buildPhases = (
				21C544888AB7614051C145FD /* [CP] Check Pods Manifest.lock */,
				0418434825E50C38003FE731 /* Sources */,
				0418434925E50C38003FE731 /* Frameworks */,
				0418434A25E50C38003FE731 /* Resources */,
				36A098EB09BECB1B93CEE7A8 /* [CP] Embed Pods Frameworks */,
			);
			buildRules = (
			);
			dependencies = (
			);
			name = Attendance;
			productName = Attendance;
			productReference = 0418434C25E50C38003FE731 /* Attendance.app */;
			productType = "com.apple.product-type.application";
		};
		0418436125E50C39003FE731 /* AttendanceTests */ = {
			isa = PBXNativeTarget;
			buildConfigurationList = 0418437925E50C39003FE731 /* Build configuration list for PBXNativeTarget "AttendanceTests" */;
			buildPhases = (
				B6FFCB3F8317E732A50C9408 /* [CP] Check Pods Manifest.lock */,
				0418435E25E50C39003FE731 /* Sources */,
				0418435F25E50C39003FE731 /* Frameworks */,
				0418436025E50C39003FE731 /* Resources */,
			);
			buildRules = (
			);
			dependencies = (
				0418436425E50C39003FE731 /* PBXTargetDependency */,
			);
			name = AttendanceTests;
			productName = AttendanceTests;
			productReference = 0418436225E50C39003FE731 /* AttendanceTests.xctest */;
			productType = "com.apple.product-type.bundle.unit-test";
		};
		0418436C25E50C39003FE731 /* AttendanceUITests */ = {
			isa = PBXNativeTarget;
			buildConfigurationList = 0418437C25E50C39003FE731 /* Build configuration list for PBXNativeTarget "AttendanceUITests" */;
			buildPhases = (
				1BF3D0C9E2916FC851C838E7 /* [CP] Check Pods Manifest.lock */,
				0418436925E50C39003FE731 /* Sources */,
				0418436A25E50C39003FE731 /* Frameworks */,
				0418436B25E50C39003FE731 /* Resources */,
				7F960236150F86033350D89C /* [CP] Embed Pods Frameworks */,
			);
			buildRules = (
			);
			dependencies = (
				0418436F25E50C39003FE731 /* PBXTargetDependency */,
			);
			name = AttendanceUITests;
			productName = AttendanceUITests;
			productReference = 0418436D25E50C39003FE731 /* AttendanceUITests.xctest */;
			productType = "com.apple.product-type.bundle.ui-testing";
		};
/* End PBXNativeTarget section */

/* Begin PBXProject section */
		0418434425E50C38003FE731 /* Project object */ = {
			isa = PBXProject;
			attributes = {
				LastSwiftUpdateCheck = 1240;
				LastUpgradeCheck = 1240;
				TargetAttributes = {
					0418434B25E50C38003FE731 = {
						CreatedOnToolsVersion = 12.4;
					};
					0418436125E50C39003FE731 = {
						CreatedOnToolsVersion = 12.4;
						TestTargetID = 0418434B25E50C38003FE731;
					};
					0418436C25E50C39003FE731 = {
						CreatedOnToolsVersion = 12.4;
						TestTargetID = 0418434B25E50C38003FE731;
					};
				};
			};
			buildConfigurationList = 0418434725E50C38003FE731 /* Build configuration list for PBXProject "Attendance" */;
			compatibilityVersion = "Xcode 9.3";
			developmentRegion = en;
			hasScannedForEncodings = 0;
			knownRegions = (
				en,
				Base,
			);
			mainGroup = 0418434325E50C38003FE731;
			productRefGroup = 0418434D25E50C38003FE731 /* Products */;
			projectDirPath = "";
			projectRoot = "";
			targets = (
				0418434B25E50C38003FE731 /* Attendance */,
				0418436125E50C39003FE731 /* AttendanceTests */,
				0418436C25E50C39003FE731 /* AttendanceUITests */,
			);
		};
/* End PBXProject section */

/* Begin PBXResourcesBuildPhase section */
		0418434A25E50C38003FE731 /* Resources */ = {
			isa = PBXResourcesBuildPhase;
			buildActionMask = 2147483647;
			files = (
				0418435C25E50C39003FE731 /* LaunchScreen.storyboard in Resources */,
				041F05C325F3DD2300576188 /* enter.png in Resources */,
				0418438B25E5108C003FE731 /* GoogleService-Info.plist in Resources */,
				0418435925E50C39003FE731 /* Assets.xcassets in Resources */,
				0418435725E50C38003FE731 /* Main.storyboard in Resources */,
			);
			runOnlyForDeploymentPostprocessing = 0;
		};
		0418436025E50C39003FE731 /* Resources */ = {
			isa = PBXResourcesBuildPhase;
			buildActionMask = 2147483647;
			files = (
			);
			runOnlyForDeploymentPostprocessing = 0;
		};
		0418436B25E50C39003FE731 /* Resources */ = {
			isa = PBXResourcesBuildPhase;
			buildActionMask = 2147483647;
			files = (
			);
			runOnlyForDeploymentPostprocessing = 0;
		};
/* End PBXResourcesBuildPhase section */

/* Begin PBXShellScriptBuildPhase section */
		1BF3D0C9E2916FC851C838E7 /* [CP] Check Pods Manifest.lock */ = {
			isa = PBXShellScriptBuildPhase;
			buildActionMask = 2147483647;
			files = (
			);
			inputFileListPaths = (
			);
			inputPaths = (
				"${PODS_PODFILE_DIR_PATH}/Podfile.lock",
				"${PODS_ROOT}/Manifest.lock",
			);
			name = "[CP] Check Pods Manifest.lock";
			outputFileListPaths = (
			);
			outputPaths = (
				"$(DERIVED_FILE_DIR)/Pods-Attendance-AttendanceUITests-checkManifestLockResult.txt",
			);
			runOnlyForDeploymentPostprocessing = 0;
			shellPath = /bin/sh;
			shellScript = "diff \"${PODS_PODFILE_DIR_PATH}/Podfile.lock\" \"${PODS_ROOT}/Manifest.lock\" > /dev/null\nif [ $? != 0 ] ; then\n    # print error to STDERR\n    echo \"error: The sandbox is not in sync with the Podfile.lock. Run 'pod install' or update your CocoaPods installation.\" >&2\n    exit 1\nfi\n# This output is used by Xcode 'outputs' to avoid re-running this script phase.\necho \"SUCCESS\" > \"${SCRIPT_OUTPUT_FILE_0}\"\n";
			showEnvVarsInLog = 0;
		};
		21C544888AB7614051C145FD /* [CP] Check Pods Manifest.lock */ = {
			isa = PBXShellScriptBuildPhase;
			buildActionMask = 2147483647;
			files = (
			);
			inputFileListPaths = (
			);
			inputPaths = (
				"${PODS_PODFILE_DIR_PATH}/Podfile.lock",
				"${PODS_ROOT}/Manifest.lock",
			);
			name = "[CP] Check Pods Manifest.lock";
			outputFileListPaths = (
			);
			outputPaths = (
				"$(DERIVED_FILE_DIR)/Pods-Attendance-checkManifestLockResult.txt",
			);
			runOnlyForDeploymentPostprocessing = 0;
			shellPath = /bin/sh;
			shellScript = "diff \"${PODS_PODFILE_DIR_PATH}/Podfile.lock\" \"${PODS_ROOT}/Manifest.lock\" > /dev/null\nif [ $? != 0 ] ; then\n    # print error to STDERR\n    echo \"error: The sandbox is not in sync with the Podfile.lock. Run 'pod install' or update your CocoaPods installation.\" >&2\n    exit 1\nfi\n# This output is used by Xcode 'outputs' to avoid re-running this script phase.\necho \"SUCCESS\" > \"${SCRIPT_OUTPUT_FILE_0}\"\n";
			showEnvVarsInLog = 0;
		};
		36A098EB09BECB1B93CEE7A8 /* [CP] Embed Pods Frameworks */ = {
			isa = PBXShellScriptBuildPhase;
			buildActionMask = 2147483647;
			files = (
			);
			inputFileListPaths = (
				"${PODS_ROOT}/Target Support Files/Pods-Attendance/Pods-Attendance-frameworks-${CONFIGURATION}-input-files.xcfilelist",
			);
			name = "[CP] Embed Pods Frameworks";
			outputFileListPaths = (
				"${PODS_ROOT}/Target Support Files/Pods-Attendance/Pods-Attendance-frameworks-${CONFIGURATION}-output-files.xcfilelist",
			);
			runOnlyForDeploymentPostprocessing = 0;
			shellPath = /bin/sh;
			shellScript = "\"${PODS_ROOT}/Target Support Files/Pods-Attendance/Pods-Attendance-frameworks.sh\"\n";
			showEnvVarsInLog = 0;
		};
		7F960236150F86033350D89C /* [CP] Embed Pods Frameworks */ = {
			isa = PBXShellScriptBuildPhase;
			buildActionMask = 2147483647;
			files = (
			);
			inputFileListPaths = (
				"${PODS_ROOT}/Target Support Files/Pods-Attendance-AttendanceUITests/Pods-Attendance-AttendanceUITests-frameworks-${CONFIGURATION}-input-files.xcfilelist",
			);
			name = "[CP] Embed Pods Frameworks";
			outputFileListPaths = (
				"${PODS_ROOT}/Target Support Files/Pods-Attendance-AttendanceUITests/Pods-Attendance-AttendanceUITests-frameworks-${CONFIGURATION}-output-files.xcfilelist",
			);
			runOnlyForDeploymentPostprocessing = 0;
			shellPath = /bin/sh;
			shellScript = "\"${PODS_ROOT}/Target Support Files/Pods-Attendance-AttendanceUITests/Pods-Attendance-AttendanceUITests-frameworks.sh\"\n";
			showEnvVarsInLog = 0;
		};
		B6FFCB3F8317E732A50C9408 /* [CP] Check Pods Manifest.lock */ = {
			isa = PBXShellScriptBuildPhase;
			buildActionMask = 2147483647;
			files = (
			);
			inputFileListPaths = (
			);
			inputPaths = (
				"${PODS_PODFILE_DIR_PATH}/Podfile.lock",
				"${PODS_ROOT}/Manifest.lock",
			);
			name = "[CP] Check Pods Manifest.lock";
			outputFileListPaths = (
			);
			outputPaths = (
				"$(DERIVED_FILE_DIR)/Pods-AttendanceTests-checkManifestLockResult.txt",
			);
			runOnlyForDeploymentPostprocessing = 0;
			shellPath = /bin/sh;
			shellScript = "diff \"${PODS_PODFILE_DIR_PATH}/Podfile.lock\" \"${PODS_ROOT}/Manifest.lock\" > /dev/null\nif [ $? != 0 ] ; then\n    # print error to STDERR\n    echo \"error: The sandbox is not in sync with the Podfile.lock. Run 'pod install' or update your CocoaPods installation.\" >&2\n    exit 1\nfi\n# This output is used by Xcode 'outputs' to avoid re-running this script phase.\necho \"SUCCESS\" > \"${SCRIPT_OUTPUT_FILE_0}\"\n";
			showEnvVarsInLog = 0;
		};
/* End PBXShellScriptBuildPhase section */

/* Begin PBXSourcesBuildPhase section */
		0418434825E50C38003FE731 /* Sources */ = {
			isa = PBXSourcesBuildPhase;
			buildActionMask = 2147483647;
			files = (
				04EB2A7F25E9620100A38A7D /* AddCustomTableViewCell.swift in Sources */,
				04EB2A2D25E69DC300A38A7D /* LoginViewController.swift in Sources */,
				04EB2A2325E6970B00A38A7D /* LoginAccountViewController.swift in Sources */,
				04EB2A8425E96F0C00A38A7D /* CreateRoomViewController.swift in Sources */,
				04EB2A7425E9552100A38A7D /* AddViewController.swift in Sources */,
				04EB2A6F25E94C0100A38A7D /* CustomTableViewCell.swift in Sources */,
				0418435425E50C38003FE731 /* ViewController.swift in Sources */,
				04EB2A2825E6973E00A38A7D /* SignUpAccountViewController.swift in Sources */,
				04EB2A1E25E696D300A38A7D /* SignUpUserViewController.swift in Sources */,
				04EB2A5F25E6D40200A38A7D /* Constants.swift in Sources */,
				04EB2A5A25E6D1FF00A38A7D /* HomeViewController.swift in Sources */,
				0418435025E50C38003FE731 /* AppDelegate.swift in Sources */,
				04EB2A3C25E6B7FD00A38A7D /* Utilities.swift in Sources */,
				0418435225E50C38003FE731 /* SceneDelegate.swift in Sources */,
				04EB2A9425EA6EED00A38A7D /* Rooms.swift in Sources */,
			);
			runOnlyForDeploymentPostprocessing = 0;
		};
		0418435E25E50C39003FE731 /* Sources */ = {
			isa = PBXSourcesBuildPhase;
			buildActionMask = 2147483647;
			files = (
				0418436725E50C39003FE731 /* AttendanceTests.swift in Sources */,
			);
			runOnlyForDeploymentPostprocessing = 0;
		};
		0418436925E50C39003FE731 /* Sources */ = {
			isa = PBXSourcesBuildPhase;
			buildActionMask = 2147483647;
			files = (
				0418437225E50C39003FE731 /* AttendanceUITests.swift in Sources */,
			);
			runOnlyForDeploymentPostprocessing = 0;
		};
/* End PBXSourcesBuildPhase section */

/* Begin PBXTargetDependency section */
		0418436425E50C39003FE731 /* PBXTargetDependency */ = {
			isa = PBXTargetDependency;
			target = 0418434B25E50C38003FE731 /* Attendance */;
			targetProxy = 0418436325E50C39003FE731 /* PBXContainerItemProxy */;
		};
		0418436F25E50C39003FE731 /* PBXTargetDependency */ = {
			isa = PBXTargetDependency;
			target = 0418434B25E50C38003FE731 /* Attendance */;
			targetProxy = 0418436E25E50C39003FE731 /* PBXContainerItemProxy */;
		};
/* End PBXTargetDependency section */

/* Begin PBXVariantGroup section */
		0418435525E50C38003FE731 /* Main.storyboard */ = {
			isa = PBXVariantGroup;
			children = (
				0418435625E50C38003FE731 /* Base */,
			);
			name = Main.storyboard;
			sourceTree = "<group>";
		};
		0418435A25E50C39003FE731 /* LaunchScreen.storyboard */ = {
			isa = PBXVariantGroup;
			children = (
				0418435B25E50C39003FE731 /* Base */,
			);
			name = LaunchScreen.storyboard;
			sourceTree = "<group>";
		};
/* End PBXVariantGroup section */

/* Begin XCBuildConfiguration section */
		0418437425E50C39003FE731 /* Debug */ = {
			isa = XCBuildConfiguration;
			buildSettings = {
				ALWAYS_SEARCH_USER_PATHS = NO;
				CLANG_ANALYZER_NONNULL = YES;
				CLANG_ANALYZER_NUMBER_OBJECT_CONVERSION = YES_AGGRESSIVE;
				CLANG_CXX_LANGUAGE_STANDARD = "gnu++14";
				CLANG_CXX_LIBRARY = "libc++";
				CLANG_ENABLE_MODULES = YES;
				CLANG_ENABLE_OBJC_ARC = YES;
				CLANG_ENABLE_OBJC_WEAK = YES;
				CLANG_WARN_BLOCK_CAPTURE_AUTORELEASING = YES;
				CLANG_WARN_BOOL_CONVERSION = YES;
				CLANG_WARN_COMMA = YES;
				CLANG_WARN_CONSTANT_CONVERSION = YES;
				CLANG_WARN_DEPRECATED_OBJC_IMPLEMENTATIONS = YES;
				CLANG_WARN_DIRECT_OBJC_ISA_USAGE = YES_ERROR;
				CLANG_WARN_DOCUMENTATION_COMMENTS = YES;
				CLANG_WARN_EMPTY_BODY = YES;
				CLANG_WARN_ENUM_CONVERSION = YES;
				CLANG_WARN_INFINITE_RECURSION = YES;
				CLANG_WARN_INT_CONVERSION = YES;
				CLANG_WARN_NON_LITERAL_NULL_CONVERSION = YES;
				CLANG_WARN_OBJC_IMPLICIT_RETAIN_SELF = YES;
				CLANG_WARN_OBJC_LITERAL_CONVERSION = YES;
				CLANG_WARN_OBJC_ROOT_CLASS = YES_ERROR;
				CLANG_WARN_QUOTED_INCLUDE_IN_FRAMEWORK_HEADER = YES;
				CLANG_WARN_RANGE_LOOP_ANALYSIS = YES;
				CLANG_WARN_STRICT_PROTOTYPES = YES;
				CLANG_WARN_SUSPICIOUS_MOVE = YES;
				CLANG_WARN_UNGUARDED_AVAILABILITY = YES_AGGRESSIVE;
				CLANG_WARN_UNREACHABLE_CODE = YES;
				CLANG_WARN__DUPLICATE_METHOD_MATCH = YES;
				COPY_PHASE_STRIP = NO;
				DEBUG_INFORMATION_FORMAT = dwarf;
				ENABLE_STRICT_OBJC_MSGSEND = YES;
				ENABLE_TESTABILITY = YES;
				GCC_C_LANGUAGE_STANDARD = gnu11;
				GCC_DYNAMIC_NO_PIC = NO;
				GCC_NO_COMMON_BLOCKS = YES;
				GCC_OPTIMIZATION_LEVEL = 0;
				GCC_PREPROCESSOR_DEFINITIONS = (
					"DEBUG=1",
					"$(inherited)",
				);
				GCC_WARN_64_TO_32_BIT_CONVERSION = YES;
				GCC_WARN_ABOUT_RETURN_TYPE = YES_ERROR;
				GCC_WARN_UNDECLARED_SELECTOR = YES;
				GCC_WARN_UNINITIALIZED_AUTOS = YES_AGGRESSIVE;
				GCC_WARN_UNUSED_FUNCTION = YES;
				GCC_WARN_UNUSED_VARIABLE = YES;
				IPHONEOS_DEPLOYMENT_TARGET = 14.4;
				MTL_ENABLE_DEBUG_INFO = INCLUDE_SOURCE;
				MTL_FAST_MATH = YES;
				ONLY_ACTIVE_ARCH = YES;
				SDKROOT = iphoneos;
				SWIFT_ACTIVE_COMPILATION_CONDITIONS = DEBUG;
				SWIFT_OPTIMIZATION_LEVEL = "-Onone";
			};
			name = Debug;
		};
		0418437525E50C39003FE731 /* Release */ = {
			isa = XCBuildConfiguration;
			buildSettings = {
				ALWAYS_SEARCH_USER_PATHS = NO;
				CLANG_ANALYZER_NONNULL = YES;
				CLANG_ANALYZER_NUMBER_OBJECT_CONVERSION = YES_AGGRESSIVE;
				CLANG_CXX_LANGUAGE_STANDARD = "gnu++14";
				CLANG_CXX_LIBRARY = "libc++";
				CLANG_ENABLE_MODULES = YES;
				CLANG_ENABLE_OBJC_ARC = YES;
				CLANG_ENABLE_OBJC_WEAK = YES;
				CLANG_WARN_BLOCK_CAPTURE_AUTORELEASING = YES;
				CLANG_WARN_BOOL_CONVERSION = YES;
				CLANG_WARN_COMMA = YES;
				CLANG_WARN_CONSTANT_CONVERSION = YES;
				CLANG_WARN_DEPRECATED_OBJC_IMPLEMENTATIONS = YES;
				CLANG_WARN_DIRECT_OBJC_ISA_USAGE = YES_ERROR;
				CLANG_WARN_DOCUMENTATION_COMMENTS = YES;
				CLANG_WARN_EMPTY_BODY = YES;
				CLANG_WARN_ENUM_CONVERSION = YES;
				CLANG_WARN_INFINITE_RECURSION = YES;
				CLANG_WARN_INT_CONVERSION = YES;
				CLANG_WARN_NON_LITERAL_NULL_CONVERSION = YES;
				CLANG_WARN_OBJC_IMPLICIT_RETAIN_SELF = YES;
				CLANG_WARN_OBJC_LITERAL_CONVERSION = YES;
				CLANG_WARN_OBJC_ROOT_CLASS = YES_ERROR;
				CLANG_WARN_QUOTED_INCLUDE_IN_FRAMEWORK_HEADER = YES;
				CLANG_WARN_RANGE_LOOP_ANALYSIS = YES;
				CLANG_WARN_STRICT_PROTOTYPES = YES;
				CLANG_WARN_SUSPICIOUS_MOVE = YES;
				CLANG_WARN_UNGUARDED_AVAILABILITY = YES_AGGRESSIVE;
				CLANG_WARN_UNREACHABLE_CODE = YES;
				CLANG_WARN__DUPLICATE_METHOD_MATCH = YES;
				COPY_PHASE_STRIP = NO;
				DEBUG_INFORMATION_FORMAT = "dwarf-with-dsym";
				ENABLE_NS_ASSERTIONS = NO;
				ENABLE_STRICT_OBJC_MSGSEND = YES;
				GCC_C_LANGUAGE_STANDARD = gnu11;
				GCC_NO_COMMON_BLOCKS = YES;
				GCC_WARN_64_TO_32_BIT_CONVERSION = YES;
				GCC_WARN_ABOUT_RETURN_TYPE = YES_ERROR;
				GCC_WARN_UNDECLARED_SELECTOR = YES;
				GCC_WARN_UNINITIALIZED_AUTOS = YES_AGGRESSIVE;
				GCC_WARN_UNUSED_FUNCTION = YES;
				GCC_WARN_UNUSED_VARIABLE = YES;
				IPHONEOS_DEPLOYMENT_TARGET = 14.4;
				MTL_ENABLE_DEBUG_INFO = NO;
				MTL_FAST_MATH = YES;
				SDKROOT = iphoneos;
				SWIFT_COMPILATION_MODE = wholemodule;
				SWIFT_OPTIMIZATION_LEVEL = "-O";
				VALIDATE_PRODUCT = YES;
			};
			name = Release;
		};
		0418437725E50C39003FE731 /* Debug */ = {
			isa = XCBuildConfiguration;
			baseConfigurationReference = B792EF72BF7BB9EA2A42BEEB /* Pods-Attendance.debug.xcconfig */;
			buildSettings = {
				ASSETCATALOG_COMPILER_APPICON_NAME = AppIcon;
				ASSETCATALOG_COMPILER_GLOBAL_ACCENT_COLOR_NAME = AccentColor;
				CODE_SIGN_STYLE = Automatic;
				DEVELOPMENT_TEAM = 4J6A2SZA9Y;
				INFOPLIST_FILE = Attendance/Info.plist;
				LD_RUNPATH_SEARCH_PATHS = (
					"$(inherited)",
					"@executable_path/Frameworks",
				);
				ONLY_ACTIVE_ARCH = YES;
				PRODUCT_BUNDLE_IDENTIFIER = app.goto.anchan.Attendance;
				PRODUCT_NAME = "$(TARGET_NAME)";
				SWIFT_VERSION = 5.0;
				TARGETED_DEVICE_FAMILY = "1,2";
			};
			name = Debug;
		};
		0418437825E50C39003FE731 /* Release */ = {
			isa = XCBuildConfiguration;
			baseConfigurationReference = 4ABAC0A432785D3D35F6DF48 /* Pods-Attendance.release.xcconfig */;
			buildSettings = {
				ASSETCATALOG_COMPILER_APPICON_NAME = AppIcon;
				ASSETCATALOG_COMPILER_GLOBAL_ACCENT_COLOR_NAME = AccentColor;
				CODE_SIGN_STYLE = Automatic;
				DEVELOPMENT_TEAM = 4J6A2SZA9Y;
				INFOPLIST_FILE = Attendance/Info.plist;
				LD_RUNPATH_SEARCH_PATHS = (
					"$(inherited)",
					"@executable_path/Frameworks",
				);
				PRODUCT_BUNDLE_IDENTIFIER = app.goto.anchan.Attendance;
				PRODUCT_NAME = "$(TARGET_NAME)";
				SWIFT_VERSION = 5.0;
				TARGETED_DEVICE_FAMILY = "1,2";
			};
			name = Release;
		};
		0418437A25E50C39003FE731 /* Debug */ = {
			isa = XCBuildConfiguration;
			baseConfigurationReference = 9860A4DFD46C3EE4685C653E /* Pods-AttendanceTests.debug.xcconfig */;
			buildSettings = {
				ALWAYS_EMBED_SWIFT_STANDARD_LIBRARIES = YES;
				BUNDLE_LOADER = "$(TEST_HOST)";
				CODE_SIGN_STYLE = Automatic;
				INFOPLIST_FILE = AttendanceTests/Info.plist;
				IPHONEOS_DEPLOYMENT_TARGET = 14.4;
				LD_RUNPATH_SEARCH_PATHS = (
					"$(inherited)",
					"@executable_path/Frameworks",
					"@loader_path/Frameworks",
				);
				PRODUCT_BUNDLE_IDENTIFIER = app.goto.anchan.AttendanceTests;
				PRODUCT_NAME = "$(TARGET_NAME)";
				SWIFT_VERSION = 5.0;
				TARGETED_DEVICE_FAMILY = "1,2";
				TEST_HOST = "$(BUILT_PRODUCTS_DIR)/Attendance.app/Attendance";
			};
			name = Debug;
		};
		0418437B25E50C39003FE731 /* Release */ = {
			isa = XCBuildConfiguration;
			baseConfigurationReference = 9EA72ACAC53CA46BB1F9CF0E /* Pods-AttendanceTests.release.xcconfig */;
			buildSettings = {
				ALWAYS_EMBED_SWIFT_STANDARD_LIBRARIES = YES;
				BUNDLE_LOADER = "$(TEST_HOST)";
				CODE_SIGN_STYLE = Automatic;
				INFOPLIST_FILE = AttendanceTests/Info.plist;
				IPHONEOS_DEPLOYMENT_TARGET = 14.4;
				LD_RUNPATH_SEARCH_PATHS = (
					"$(inherited)",
					"@executable_path/Frameworks",
					"@loader_path/Frameworks",
				);
				PRODUCT_BUNDLE_IDENTIFIER = app.goto.anchan.AttendanceTests;
				PRODUCT_NAME = "$(TARGET_NAME)";
				SWIFT_VERSION = 5.0;
				TARGETED_DEVICE_FAMILY = "1,2";
				TEST_HOST = "$(BUILT_PRODUCTS_DIR)/Attendance.app/Attendance";
			};
			name = Release;
		};
		0418437D25E50C39003FE731 /* Debug */ = {
			isa = XCBuildConfiguration;
			baseConfigurationReference = C55BC2E89E9C153FEB4F2192 /* Pods-Attendance-AttendanceUITests.debug.xcconfig */;
			buildSettings = {
				ALWAYS_EMBED_SWIFT_STANDARD_LIBRARIES = YES;
				CODE_SIGN_STYLE = Automatic;
				INFOPLIST_FILE = AttendanceUITests/Info.plist;
				LD_RUNPATH_SEARCH_PATHS = (
					"$(inherited)",
					"@executable_path/Frameworks",
					"@loader_path/Frameworks",
				);
				PRODUCT_BUNDLE_IDENTIFIER = app.goto.anchan.AttendanceUITests;
				PRODUCT_NAME = "$(TARGET_NAME)";
				SWIFT_VERSION = 5.0;
				TARGETED_DEVICE_FAMILY = "1,2";
				TEST_TARGET_NAME = Attendance;
			};
			name = Debug;
		};
		0418437E25E50C39003FE731 /* Release */ = {
			isa = XCBuildConfiguration;
			baseConfigurationReference = D428ADD74BF1C501FC4A8216 /* Pods-Attendance-AttendanceUITests.release.xcconfig */;
			buildSettings = {
				ALWAYS_EMBED_SWIFT_STANDARD_LIBRARIES = YES;
				CODE_SIGN_STYLE = Automatic;
				INFOPLIST_FILE = AttendanceUITests/Info.plist;
				LD_RUNPATH_SEARCH_PATHS = (
					"$(inherited)",
					"@executable_path/Frameworks",
					"@loader_path/Frameworks",
				);
				PRODUCT_BUNDLE_IDENTIFIER = app.goto.anchan.AttendanceUITests;
				PRODUCT_NAME = "$(TARGET_NAME)";
				SWIFT_VERSION = 5.0;
				TARGETED_DEVICE_FAMILY = "1,2";
				TEST_TARGET_NAME = Attendance;
			};
			name = Release;
		};
/* End XCBuildConfiguration section */

/* Begin XCConfigurationList section */
		0418434725E50C38003FE731 /* Build configuration list for PBXProject "Attendance" */ = {
			isa = XCConfigurationList;
			buildConfigurations = (
				0418437425E50C39003FE731 /* Debug */,
				0418437525E50C39003FE731 /* Release */,
			);
			defaultConfigurationIsVisible = 0;
			defaultConfigurationName = Release;
		};
		0418437625E50C39003FE731 /* Build configuration list for PBXNativeTarget "Attendance" */ = {
			isa = XCConfigurationList;
			buildConfigurations = (
				0418437725E50C39003FE731 /* Debug */,
				0418437825E50C39003FE731 /* Release */,
			);
			defaultConfigurationIsVisible = 0;
			defaultConfigurationName = Release;
		};
		0418437925E50C39003FE731 /* Build configuration list for PBXNativeTarget "AttendanceTests" */ = {
			isa = XCConfigurationList;
			buildConfigurations = (
				0418437A25E50C39003FE731 /* Debug */,
				0418437B25E50C39003FE731 /* Release */,
			);
			defaultConfigurationIsVisible = 0;
			defaultConfigurationName = Release;
		};
		0418437C25E50C39003FE731 /* Build configuration list for PBXNativeTarget "AttendanceUITests" */ = {
			isa = XCConfigurationList;
			buildConfigurations = (
				0418437D25E50C39003FE731 /* Debug */,
				0418437E25E50C39003FE731 /* Release */,
			);
			defaultConfigurationIsVisible = 0;
			defaultConfigurationName = Release;
		};
/* End XCConfigurationList section */
	};
	rootObject = 0418434425E50C38003FE731 /* Project object */;
}
